
Microsoft Visual Studio Solution File, Format Version 12.00
# Visual Studio Version 18
VisualStudioVersion = 18.2.11408.102 d18.0
MinimumVisualStudioVersion = 10.0.40219.1
Project("{FAE04EC0-301F-11D3-BF4B-00C04F79EFBC}") = "final", "final.csproj", "{06288661-9CAC-4732-A068-971A1F42DD8E}"
EndProject
Global
	GlobalSection(SolutionConfigurationPlatforms) = preSolution
		Debug|Any CPU = Debug|Any CPU
		Release|Any CPU = Release|Any CPU
	EndGlobalSection
	GlobalSection(ProjectConfigurationPlatforms) = postSolution
		{06288661-9CAC-4732-A068-971A1F42DD8E}.Debug|Any CPU.ActiveCfg = Debug|Any CPU
		{06288661-9CAC-4732-A068-971A1F42DD8E}.Debug|Any CPU.Build.0 = Debug|Any CPU
		{06288661-9CAC-4732-A068-971A1F42DD8E}.Release|Any CPU.ActiveCfg = Release|Any CPU
		{06288661-9CAC-4732-A068-971A1F42DD8E}.Release|Any CPU.Build.0 = Release|Any CPU
	EndGlobalSection
	GlobalSection(SolutionProperties) = preSolution
		HideSolutionNode = FALSE
	EndGlobalSection
	GlobalSection(ExtensibilityGlobals) = postSolution
		SolutionGuid = {98C926A1-6810-4721-9202-58AFE2AB8B2B}
	EndGlobalSection
EndGlobal
